PODS:
  - Kingfisher (4.10.0)
  - MGBaseViewSwift (0.0.6)
  - MGExtensionSwift (1.0.0)
  - MGUtilsSwift (1.0.0):
    - Kingfisher (~> 4.10.0)
    - ReachabilitySwift
  - ReachabilitySwift (4.2.1)

DEPENDENCIES:
  - MGBaseViewSwift
  - MGExtensionSwift
  - MGUtilsSwift

SPEC REPOS:
  https://github.com/cocoapods/specs.git:
    - Kingfisher
    - MGBaseViewSwift
    - MGExtensionSwift
    - MGUtilsSwift
    - ReachabilitySwift

SPEC CHECKSUMS:
  Kingfisher: 43c4b802d8b5256cf1f4379e9cd10b329be6d3e2
  MGBaseViewSwift: c8caa298ab65c370b4d1ad9e35bdf8d114b950b2
  MGExtensionSwift: f2706dbfb1e0dfeade0defcdd9271736b2fcf009
  MGUtilsSwift: 11d0761eaa80b087856d6bd99204ae445ac18441
  ReachabilitySwift: 35720ffea59c1c76d15f885be77fd33e33985427

PODFILE CHECKSUM: cc70839e48a6830e351beed476207006017448ec

COCOAPODS: 1.5.3
